
Microsoft Visual Studio Solution File, Format Version 12.00
# Visual Studio Version 16
VisualStudioVersion = 16.0.29519.87
MinimumVisualStudioVersion = 10.0.40219.1
Project("{FAE04EC0-301F-11D3-BF4B-00C04F79EFBC}") = "CourseLibrary.API", "CourseLibrary.API.csproj", "{9860B436-1C61-41E9-A66F-8B62A6720BE5}"
EndProject
Global
	GlobalSection(SolutionConfigurationPlatforms) = preSolution
		Debug|Any CPU = Debug|Any CPU
		Release|Any CPU = Release|Any CPU
	EndGlobalSection
	GlobalSection(ProjectConfigurationPlatforms) = postSolution
		{9860B436-1C61-41E9-A66F-8B62A6720BE5}.Debug|Any CPU.ActiveCfg = Debug|Any CPU
		{9860B436-1C61-41E9-A66F-8B62A6720BE5}.Debug|Any CPU.Build.0 = Debug|Any CPU
		{9860B436-1C61-41E9-A66F-8B62A6720BE5}.Release|Any CPU.ActiveCfg = Release|Any CPU
		{9860B436-1C61-41E9-A66F-8B62A6720BE5}.Release|Any CPU.Build.0 = Release|Any CPU
	EndGlobalSection
	GlobalSection(SolutionProperties) = preSolution
		HideSolutionNode = FALSE
	EndGlobalSection
	GlobalSection(ExtensibilityGlobals) = postSolution
		SolutionGuid = {B05DDF05-72F6-42AA-BB27-279F782FEDC8}
	EndGlobalSection
EndGlobal
